{
  "nodes": {
    "agents": {
      "inputs": {
        "llm-agents": "llm-agents",
        "mattPocockSkills": "mattPocockSkills",
        "nixpkgs": [
          "nixpkgs"
        ],
        "openaiSkills": "openaiSkills",
        "qmd": "qmd",
        "quintLlmKit": "quintLlmKit"
      },
      "locked": {
        "path": "./agents",
        "type": "path"
      },
      "original": {
        "path": "./agents",
        "type": "path"
      },
      "parent": []
    },
    "bun2nix": {
      "inputs": {
        "flake-parts": [
          "agents",
          "llm-agents",
          "flake-parts"
        ],
        "nixpkgs": [
          "agents",
          "llm-agents",
          "nixpkgs"
        ],
        "systems": [
          "agents",
          "llm-agents",
          "systems"
        ],
        "treefmt-nix": [
          "agents",
          "llm-agents",
          "treefmt-nix"
        ]
      },
      "locked": {
        "lastModified": 1784665499,
        "narHash": "sha256-9BMxlTxCCDAeoNLtb1a/st7udtTIJep+wpUzquA29VU=",
        "owner": "nix-community",
        "repo": "bun2nix",
        "rev": "0f2a1f0b6f42cebe3b149bf62d38754c5e0e9729",
        "type": "github"
      },
      "original": {
        "owner": "nix-community",
        "repo": "bun2nix",
        "type": "github"
      }
    },
    "bun2nix_2": {
      "inputs": {
        "flake-parts": [
          "llm-agents",
          "flake-parts"
        ],
        "nixpkgs": [
          "llm-agents",
          "nixpkgs"
        ],
        "systems": [
          "llm-agents",
          "systems"
        ],
        "treefmt-nix": [
          "llm-agents",
          "treefmt-nix"
        ]
      },
      "locked": {
        "lastModified": 1784665499,
        "narHash": "sha256-9BMxlTxCCDAeoNLtb1a/st7udtTIJep+wpUzquA29VU=",
        "owner": "nix-community",
        "repo": "bun2nix",
        "rev": "0f2a1f0b6f42cebe3b149bf62d38754c5e0e9729",
        "type": "github"
      },
      "original": {
        "owner": "nix-community",
        "repo": "bun2nix",
        "type": "github"
      }
    },
    "flake-compat": {
      "flake": false,
      "locked": {
        "lastModified": 1747046372,
        "narHash": "sha256-CIVLLkVgvHYbgI2UpXvIIBJ12HWgX+fjA8Xf8PUmqCY=",
        "owner": "edolstra",
        "repo": "flake-compat",
        "rev": "9100a0f413b0c601e0533d1d94ffd501ce2e7885",
        "type": "github"
      },
      "original": {
        "owner": "edolstra",
        "repo": "flake-compat",
        "type": "github"
      }
    },
    "flake-parts": {
      "inputs": {
        "nixpkgs-lib": [
          "agents",
          "llm-agents",
          "nixpkgs"
        ]
      },
      "locked": {
        "lastModified": 1782949081,
        "narHash": "sha256-vp6Y/Grm98ESt6ceOkWiHWyZRDV3J1RID4w+6NWK9yA=",
        "owner": "hercules-ci",
        "repo": "flake-parts",
        "rev": "17c9d6cdfc60c64f4ee8d306f9bc0b4ccb51481e",
        "type": "github"
      },
      "original": {
        "owner": "hercules-ci",
        "repo": "flake-parts",
        "type": "github"
      }
    },
    "flake-parts_2": {
      "inputs": {
        "nixpkgs-lib": "nixpkgs-lib"
      },
      "locked": {
        "lastModified": 1782949081,
        "narHash": "sha256-vp6Y/Grm98ESt6ceOkWiHWyZRDV3J1RID4w+6NWK9yA=",
        "owner": "hercules-ci",
        "repo": "flake-parts",
        "rev": "17c9d6cdfc60c64f4ee8d306f9bc0b4ccb51481e",
        "type": "github"
      },
      "original": {
        "owner": "hercules-ci",
        "repo": "flake-parts",
        "type": "github"
      }
    },
    "flake-parts_3": {
      "inputs": {
        "nixpkgs-lib": [
          "llm-agents",
          "nixpkgs"
        ]
      },
      "locked": {
        "lastModified": 1782949081,
        "narHash": "sha256-vp6Y/Grm98ESt6ceOkWiHWyZRDV3J1RID4w+6NWK9yA=",
        "owner": "hercules-ci",
        "repo": "flake-parts",
        "rev": "17c9d6cdfc60c64f4ee8d306f9bc0b4ccb51481e",
        "type": "github"
      },
      "original": {
        "owner": "hercules-ci",
        "repo": "flake-parts",
        "type": "github"
      }
    },
    "flake-parts_4": {
      "inputs": {
        "nixpkgs-lib": [
          "nvim",
          "nixvim",
          "nixpkgs"
        ]
      },
      "locked": {
        "lastModified": 1782949081,
        "narHash": "sha256-vp6Y/Grm98ESt6ceOkWiHWyZRDV3J1RID4w+6NWK9yA=",
        "owner": "hercules-ci",
        "repo": "flake-parts",
        "rev": "17c9d6cdfc60c64f4ee8d306f9bc0b4ccb51481e",
        "type": "github"
      },
      "original": {
        "owner": "hercules-ci",
        "repo": "flake-parts",
        "type": "github"
      }
    },
    "flake-parts_5": {
      "inputs": {
        "nixpkgs-lib": "nixpkgs-lib_2"
      },
      "locked": {
        "lastModified": 1778716662,
        "narHash": "sha256-m1Yf0wZ8j1OHjTc2UwHwyQRSnNeSgLJOd7q5Y45hzi4=",
        "owner": "hercules-ci",
        "repo": "flake-parts",
        "rev": "f7c1a2d347e4c52d5fb8d10cb4d94b5884e546fb",
        "type": "github"
      },
      "original": {
        "owner": "hercules-ci",
        "repo": "flake-parts",
        "type": "github"
      }
    },
    "flake-utils": {
      "inputs": {
        "systems": "systems_2"
      },
      "locked": {
        "lastModified": 1731533236,
        "narHash": "sha256-l0KFg5HjrsfsO/JpG+r7fRrqm12kzFHyUHqHCVpMMbI=",
        "owner": "numtide",
        "repo": "flake-utils",
        "rev": "11707dc2f618dd54ca8739b309ec4fc024de578b",
        "type": "github"
      },
      "original": {
        "owner": "numtide",
        "repo": "flake-utils",
        "type": "github"
      }
    },
    "flake-utils_2": {
      "inputs": {
        "systems": "systems_3"
      },
      "locked": {
        "lastModified": 1731533236,
        "narHash": "sha256-l0KFg5HjrsfsO/JpG+r7fRrqm12kzFHyUHqHCVpMMbI=",
        "owner": "numtide",
        "repo": "flake-utils",
        "rev": "11707dc2f618dd54ca8739b309ec4fc024de578b",
        "type": "github"
      },
      "original": {
        "owner": "numtide",
        "repo": "flake-utils",
        "type": "github"
      }
    },
    "gitignore": {
      "inputs": {
        "nixpkgs": [
          "karabinix",
          "pre-commit-hooks",
          "nixpkgs"
        ]
      },
      "locked": {
        "lastModified": 1709087332,
        "narHash": "sha256-HG2cCnktfHsKV0s4XW83gU3F57gaTljL9KNSuG6bnQs=",
        "owner": "hercules-ci",
        "repo": "gitignore.nix",
        "rev": "637db329424fd7e46cf4185293b9cc8c88c95394",
        "type": "github"
      },
      "original": {
        "owner": "hercules-ci",
        "repo": "gitignore.nix",
        "type": "github"
      }
    },
    "herdr-browser": {
      "flake": false,
      "locked": {
        "lastModified": 1785246706,
        "narHash": "sha256-4Dlo4YQpLPJKEPuXSS4EO5LMCmUn/tezEiIqlFXhCxo=",
        "owner": "ogulcancelik",
        "repo": "herdr-browser",
        "rev": "be6888b71cf4eb5939ee79a746bd1a1c22ade046",
        "type": "github"
      },
      "original": {
        "owner": "ogulcancelik",
        "repo": "herdr-browser",
        "type": "github"
      }
    },
    "herdr-plannotator": {
      "flake": false,
      "locked": {
        "lastModified": 1785346999,
        "narHash": "sha256-npXxoQLzd4tg3KOBI6nWe394iJf+qUi2M+COHoOQF5Y=",
        "owner": "plannotator",
        "repo": "herdr-plannotator",
        "rev": "e10b969ea1655dbfce25d1464eef6f27c790bb79",
        "type": "github"
      },
      "original": {
        "owner": "plannotator",
        "repo": "herdr-plannotator",
        "type": "github"
      }
    },
    "home-manager": {
      "inputs": {
        "nixpkgs": [
          "nixpkgs"
        ]
      },
      "locked": {
        "lastModified": 1785239295,
        "narHash": "sha256-aYFoftXjm7Df7CAoR0XoMQjJ9rTZ/l9d1jr9EqD7sHM=",
        "owner": "nix-community",
        "repo": "home-manager",
        "rev": "42bb40f7aaab63a107b64a20c4a4ade6550758d0",
        "type": "github"
      },
      "original": {
        "owner": "nix-community",
        "repo": "home-manager",
        "type": "github"
      }
    },
    "import-tree": {
      "locked": {
        "lastModified": 1773693634,
        "narHash": "sha256-BtZ2dtkBdSUnFPPFc+n0kcMbgaTxzFNPv2iaO326Ffg=",
        "owner": "vic",
        "repo": "import-tree",
        "rev": "c41e7d58045f9057880b0d85e1152d6a4430dbf1",
        "type": "github"
      },
      "original": {
        "owner": "vic",
        "repo": "import-tree",
        "type": "github"
      }
    },
    "jj-starship": {
      "inputs": {
        "flake-utils": "flake-utils",
        "nixpkgs": "nixpkgs"
      },
      "locked": {
        "lastModified": 1778676598,
        "narHash": "sha256-NLds7i1ZmscicaNLmkZCWmc7A+367BXxGioRd4yYof8=",
        "owner": "dmmulroy",
        "repo": "jj-starship",
        "rev": "292224a93d5490332f32cc26d77676ccaeec0bfa",
        "type": "github"
      },
      "original": {
        "owner": "dmmulroy",
        "repo": "jj-starship",
        "type": "github"
      }
    },
    "karabinix": {
      "inputs": {
        "flake-utils": "flake-utils_2",
        "nixpkgs": "nixpkgs_2",
        "pre-commit-hooks": "pre-commit-hooks"
      },
      "locked": {
        "lastModified": 1775840633,
        "narHash": "sha256-iVZLXi1dFk4vUFFw+h9P3E+imSeJyyg8LWNMIV1vxaY=",
        "owner": "pepegar",
        "repo": "karabinix",
        "rev": "cd61ebe52b6bb3145ff19307ed424be8c9497657",
        "type": "github"
      },
      "original": {
        "owner": "pepegar",
        "repo": "karabinix",
        "type": "github"
      }
    },
    "llm-agents": {
      "inputs": {
        "bun2nix": "bun2nix",
        "flake-parts": "flake-parts",
        "nixpkgs": [
          "agents",
          "nixpkgs"
        ],
        "systems": "systems",
        "treefmt-nix": "treefmt-nix"
      },
      "locked": {
        "lastModified": 1785221976,
        "narHash": "sha256-n1PgEKstIBdMxilWJpqagnWNF3roP/Fucvdms1DpEFQ=",
        "owner": "numtide",
        "repo": "llm-agents.nix",
        "rev": "d4a6e87fd4b9d7f551b0d2aba1514213617502a5",
        "type": "github"
      },
      "original": {
        "owner": "numtide",
        "repo": "llm-agents.nix",
        "type": "github"
      }
    },
    "llm-agents_2": {
      "inputs": {
        "bun2nix": "bun2nix_2",
        "flake-parts": "flake-parts_3",
        "nixpkgs": [
          "nixpkgs"
        ],
        "systems": "systems_4",
        "treefmt-nix": "treefmt-nix_2"
      },
      "locked": {
        "lastModified": 1785221976,
        "narHash": "sha256-n1PgEKstIBdMxilWJpqagnWNF3roP/Fucvdms1DpEFQ=",
        "owner": "numtide",
        "repo": "llm-agents.nix",
        "rev": "d4a6e87fd4b9d7f551b0d2aba1514213617502a5",
        "type": "github"
      },
      "original": {
        "owner": "numtide",
        "repo": "llm-agents.nix",
        "type": "github"
      }
    },
    "mattPocockSkills": {
      "flake": false,
      "locked": {
        "lastModified": 1785230297,
        "narHash": "sha256-dQtG6usJWlg/FqTajrjcs8GSdymH92WsgLiUaCfvKPA=",
        "owner": "mattpocock",
        "repo": "skills",
        "rev": "2ab958093e83e0ec752e6c1c5932da465bf23e0c",
        "type": "github"
      },
      "original": {
        "owner": "mattpocock",
        "repo": "skills",
        "type": "github"
      }
    },
    "nix-darwin": {
      "inputs": {
        "nixpkgs": [
          "nixpkgs"
        ]
      },
      "locked": {
        "lastModified": 1784500460,
        "narHash": "sha256-UvORnAxTRHax7RG74W8Z2t4GvIkX6AjJ5kk0QlwZomo=",
        "owner": "LnL7",
        "repo": "nix-darwin",
        "rev": "57a3171f94705599a2499248ca5758d5eb47c0e0",
        "type": "github"
      },
      "original": {
        "owner": "LnL7",
        "ref": "master",
        "repo": "nix-darwin",
        "type": "github"
      }
    },
    "nix-task": {
      "inputs": {
        "nixpkgs": [
          "nixpkgs"
        ]
      },
      "locked": {
        "lastModified": 1784295167,
        "narHash": "sha256-tKwxhM2bZEGFXuncm4KnFfXO0wejv7ypO6iDswSiVFE=",
        "owner": "kremovtort",
        "repo": "nix-task",
        "rev": "1662113a65755cee18df2bea0a1db07405eafad5",
        "type": "github"
      },
      "original": {
        "owner": "kremovtort",
        "repo": "nix-task",
        "type": "github"
      }
    },
    "nixpkgs": {
      "locked": {
        "lastModified": 1766840161,
        "narHash": "sha256-Ss/LHpJJsng8vz1Pe33RSGIWUOcqM1fjrehjUkdrWio=",
        "owner": "NixOS",
        "repo": "nixpkgs",
        "rev": "3edc4a30ed3903fdf6f90c837f961fa6b49582d1",
        "type": "github"
      },
      "original": {
        "owner": "NixOS",
        "ref": "nixpkgs-unstable",
        "repo": "nixpkgs",
        "type": "github"
      }
    },
    "nixpkgs-lib": {
      "locked": {
        "lastModified": 1782614948,
        "narHash": "sha256-ePjCwr1sNm9NYUqywL7QfK3JnlS015msC+eBu2zKlp8=",
        "owner": "nix-community",
        "repo": "nixpkgs.lib",
        "rev": "db3f255737b94216eb71cce308e2912cf6bc2d7c",
        "type": "github"
      },
      "original": {
        "owner": "nix-community",
        "repo": "nixpkgs.lib",
        "type": "github"
      }
    },
    "nixpkgs-lib_2": {
      "locked": {
        "lastModified": 1777168982,
        "narHash": "sha256-GOkGPcboWE9BmGCRMLX3worL4EMnsnG8MyKmXNeYuhQ=",
        "owner": "nix-community",
        "repo": "nixpkgs.lib",
        "rev": "f5901329dade4a6ea039af1433fb087bd9c1fe14",
        "type": "github"
      },
      "original": {
        "owner": "nix-community",
        "repo": "nixpkgs.lib",
        "type": "github"
      }
    },
    "nixpkgs_2": {
      "locked": {
        "lastModified": 1756386758,
        "narHash": "sha256-1wxxznpW2CKvI9VdniaUnTT2Os6rdRJcRUf65ZK9OtE=",
        "owner": "NixOS",
        "repo": "nixpkgs",
        "rev": "dfb2f12e899db4876308eba6d93455ab7da304cd",
        "type": "github"
      },
      "original": {
        "owner": "NixOS",
        "ref": "nixos-unstable",
        "repo": "nixpkgs",
        "type": "github"
      }
    },
    "nixpkgs_3": {
      "locked": {
        "lastModified": 1754340878,
        "narHash": "sha256-lgmUyVQL9tSnvvIvBp7x1euhkkCho7n3TMzgjdvgPoU=",
        "owner": "NixOS",
        "repo": "nixpkgs",
        "rev": "cab778239e705082fe97bb4990e0d24c50924c04",
        "type": "github"
      },
      "original": {
        "owner": "NixOS",
        "ref": "nixpkgs-unstable",
        "repo": "nixpkgs",
        "type": "github"
      }
    },
    "nixpkgs_4": {
      "locked": {
        "lastModified": 1785141334,
        "narHash": "sha256-kh35kIx7el4Jk8Ki3BH9/Pn1eZYSYLJ6LMALos0zOy0=",
        "owner": "NixOS",
        "repo": "nixpkgs",
        "rev": "38a4887411571457d700c51c64a6e49ead2ed5ab",
        "type": "github"
      },
      "original": {
        "owner": "NixOS",
        "ref": "nixpkgs-unstable",
        "repo": "nixpkgs",
        "type": "github"
      }
    },
    "nixvim": {
      "inputs": {
        "flake-parts": "flake-parts_4",
        "nixpkgs": [
          "nixpkgs"
        ],
        "systems": "systems_5"
      },
      "locked": {
        "lastModified": 1785001306,
        "narHash": "sha256-xWqmquUtqKXLeDZ1oQUO+rV4sjA9TShIJhLL8M5Bozo=",
        "owner": "nix-community",
        "repo": "nixvim",
        "rev": "48409beb41e8e28b64e8160ca82d8a93fb628963",
        "type": "github"
      },
      "original": {
        "owner": "nix-community",
        "repo": "nixvim",
        "type": "github"
      }
    },
    "nvim": {
      "inputs": {
        "nixpkgs": [
          "nixpkgs"
        ],
        "nixvim": "nixvim",
        "plugins-async-nvim": "plugins-async-nvim",
        "plugins-cursortab-nvim": "plugins-cursortab-nvim",
        "plugins-direnv-nvim": "plugins-direnv-nvim",
        "plugins-likec4-nvim": "plugins-likec4-nvim",
        "plugins-opencode-nvim": "plugins-opencode-nvim",
        "plugins-seeker-nvim": "plugins-seeker-nvim",
        "plugins-sidekick-nvim": "plugins-sidekick-nvim",
        "plugins-vclib-nvim": "plugins-vclib-nvim",
        "plugins-vcsigns-nvim": "plugins-vcsigns-nvim",
        "plugins-vim-herdr-navigation": "plugins-vim-herdr-navigation",
        "plugins-vim-maximizer": "plugins-vim-maximizer",
        "plugins-virtual-types-nvim": "plugins-virtual-types-nvim",
        "tabterm": "tabterm",
        "tree-sitter-likec4": "tree-sitter-likec4",
        "tree-sitter-quint": "tree-sitter-quint",
        "tree-sitter-sysml": "tree-sitter-sysml"
      },
      "locked": {
        "path": "./nvim",
        "type": "path"
      },
      "original": {
        "path": "./nvim",
        "type": "path"
      },
      "parent": []
    },
    "openaiSkills": {
      "flake": false,
      "locked": {
        "lastModified": 1782268572,
        "narHash": "sha256-t4oGnFg0YpxJaQiFpgTiwYhaFoZK6wPDiqvHoG0bXiU=",
        "owner": "openai",
        "repo": "skills",
        "rev": "49f948faa9258a0c61caceaf225e179651397431",
        "type": "github"
      },
      "original": {
        "owner": "openai",
        "repo": "skills",
        "type": "github"
      }
    },
    "paneru": {
      "inputs": {
        "flake-parts": [
          "flake-parts"
        ],
        "import-tree": "import-tree",
        "nix-darwin": [
          "nix-darwin"
        ],
        "nixpkgs": [
          "nixpkgs"
        ]
      },
      "locked": {
        "lastModified": 1785072436,
        "narHash": "sha256-7S4wxQYjObNM1EKYYNy12OgTICpzr9Ya9SNiZmWFnOk=",
        "owner": "karinushka",
        "repo": "paneru",
        "rev": "0d6c025bedf5fdba5473c1242625b518050f0cdd",
        "type": "github"
      },
      "original": {
        "owner": "karinushka",
        "repo": "paneru",
        "type": "github"
      }
    },
    "plugins-async-nvim": {
      "flake": false,
      "locked": {
        "lastModified": 1783355388,
        "narHash": "sha256-7VuTWfdh3d3/q2KUyi5d+7GbaEq8NgbQgBt+Wt+/n5U=",
        "owner": "lewis6991",
        "repo": "async.nvim",
        "rev": "46adf61a022d5c923f981d527443f406e7d0f63e",
        "type": "github"
      },
      "original": {
        "owner": "lewis6991",
        "repo": "async.nvim",
        "type": "github"
      }
    },
    "plugins-cursortab-nvim": {
      "flake": false,
      "locked": {
        "lastModified": 1783833508,
        "narHash": "sha256-rFawTBaAtZKTcuvq5OuMxlqkzBuZ6dTmn91SffZ1Dno=",
        "owner": "cursortab",
        "repo": "cursortab.nvim",
        "rev": "8b50d427d76fd995a08ee7eb9eed9f8b72626693",
        "type": "github"
      },
      "original": {
        "owner": "cursortab",
        "repo": "cursortab.nvim",
        "type": "github"
      }
    },
    "plugins-direnv-nvim": {
      "flake": false,
      "locked": {
        "lastModified": 1782680771,
        "narHash": "sha256-b5PpmkYWaDGLNcu+36tRR5ycATHYBjs9WrV8/jfmooQ=",
        "owner": "NotAShelf",
        "repo": "direnv.nvim",
        "rev": "9258f9f10c4c729d8296fce0e3ecb12543daad06",
        "type": "github"
      },
      "original": {
        "owner": "NotAShelf",
        "repo": "direnv.nvim",
        "type": "github"
      }
    },
    "plugins-likec4-nvim": {
      "flake": false,
      "locked": {
        "lastModified": 1784424708,
        "narHash": "sha256-4hUTUj9txEkomTZxrgPaja2wo5KMSRowJI2mvhv/Vd4=",
        "owner": "likec4",
        "repo": "likec4.nvim",
        "rev": "817e08f15dec1fdaaedaad993338c360fb2526ad",
        "type": "github"
      },
      "original": {
        "owner": "likec4",
        "repo": "likec4.nvim",
        "type": "github"
      }
    },
    "plugins-opencode-nvim": {
      "flake": false,
      "locked": {
        "lastModified": 1785161970,
        "narHash": "sha256-wpnXEsT2Dtpl3vRi1hfwqaLQEWUMu7vGT3Q6UZYJkjE=",
        "owner": "nickjvandyke",
        "repo": "opencode.nvim",
        "rev": "7749a034db61258ece828df70a89ff31bb27ff47",
        "type": "github"
      },
      "original": {
        "owner": "nickjvandyke",
        "repo": "opencode.nvim",
        "type": "github"
      }
    },
    "plugins-seeker-nvim": {
      "flake": false,
      "locked": {
        "lastModified": 1770739625,
        "narHash": "sha256-sITiKTeP7G2GRiYTSqJCgSEe2/lk1nyz1xl25zE2Knk=",
        "owner": "2KAbhishek",
        "repo": "seeker.nvim",
        "rev": "c0ec94116bb6c603ad5780bc433cb09b8ae84041",
        "type": "github"
      },
      "original": {
        "owner": "2KAbhishek",
        "repo": "seeker.nvim",
        "type": "github"
      }
    },
    "plugins-sidekick-nvim": {
      "flake": false,
      "locked": {
        "lastModified": 1782397522,
        "narHash": "sha256-sbf5Hq5QduEWlXxE5wpwK/YhwTZp0thMMZI0EMkgUCw=",
        "owner": "rmarganti",
        "repo": "sidekick.nvim",
        "rev": "abec9a0d745bcc7d62f4031a0beb2f5d5d0dd434",
        "type": "github"
      },
      "original": {
        "owner": "rmarganti",
        "ref": "herdr",
        "repo": "sidekick.nvim",
        "type": "github"
      }
    },
    "plugins-vclib-nvim": {
      "flake": false,
      "locked": {
        "lastModified": 1783300656,
        "narHash": "sha256-yab6Sk39rgOeK08KxAFEgCQHAyHbJDb6k0UFsLGAIgM=",
        "owner": "algmyr",
        "repo": "vclib.nvim",
        "rev": "24c36d22ddd28c8d001d85e1fb69fcd2e38a8858",
        "type": "github"
      },
      "original": {
        "owner": "algmyr",
        "repo": "vclib.nvim",
        "type": "github"
      }
    },
    "plugins-vcsigns-nvim": {
      "flake": false,
      "locked": {
        "lastModified": 1783300712,
        "narHash": "sha256-V1xoXxUvwmWxznxOc0cTH8wVT7d4NWZiVqsUc74eE84=",
        "owner": "algmyr",
        "repo": "vcsigns.nvim",
        "rev": "40fb52b35d5402740b83642ac53dcc3e29552ac2",
        "type": "github"
      },
      "original": {
        "owner": "algmyr",
        "repo": "vcsigns.nvim",
        "type": "github"
      }
    },
    "plugins-vim-herdr-navigation": {
      "flake": false,
      "locked": {
        "lastModified": 1782649130,
        "narHash": "sha256-vUUt46jiK6ZsPH8D13/+IIlqT3KbFliPJkNplsVqiQo=",
        "owner": "paulbkim-dev",
        "repo": "vim-herdr-navigation",
        "rev": "53e318c772c4d3b7fbd904ac43bcf3e5b5d8b244",
        "type": "github"
      },
      "original": {
        "owner": "paulbkim-dev",
        "repo": "vim-herdr-navigation",
        "type": "github"
      }
    },
    "plugins-vim-maximizer": {
      "flake": false,
      "locked": {
        "lastModified": 1440196645,
        "narHash": "sha256-+VPcMn4NuxLRpY1nXz7APaXlRQVZD3Y7SprB/hvNKww=",
        "owner": "szw",
        "repo": "vim-maximizer",
        "rev": "2e54952fe91e140a2e69f35f22131219fcd9c5f1",
        "type": "github"
      },
      "original": {
        "owner": "szw",
        "repo": "vim-maximizer",
        "type": "github"
      }
    },
    "plugins-virtual-types-nvim": {
      "flake": false,
      "locked": {
        "lastModified": 1680873610,
        "narHash": "sha256-WznB8eiwG7dIKg4LeblUQwb6E8yxAFLnV1wMwWq5/JI=",
        "owner": "jubnzv",
        "repo": "virtual-types.nvim",
        "rev": "d652ec0b1781bbb0e83dc588fb62d638006cf61e",
        "type": "github"
      },
      "original": {
        "owner": "jubnzv",
        "repo": "virtual-types.nvim",
        "type": "github"
      }
    },
    "pre-commit-hooks": {
      "inputs": {
        "flake-compat": "flake-compat",
        "gitignore": "gitignore",
        "nixpkgs": "nixpkgs_3"
      },
      "locked": {
        "lastModified": 1755960406,
        "narHash": "sha256-RF7j6C1TmSTK9tYWO6CdEMtg6XZaUKcvZwOCD2SICZs=",
        "owner": "cachix",
        "repo": "pre-commit-hooks.nix",
        "rev": "e891a93b193fcaf2fc8012d890dc7f0befe86ec2",
        "type": "github"
      },
      "original": {
        "owner": "cachix",
        "repo": "pre-commit-hooks.nix",
        "type": "github"
      }
    },
    "qmd": {
      "flake": false,
      "locked": {
        "lastModified": 1782276828,
        "narHash": "sha256-LLkrANLLR+2QgOpSdrjbwvzgP7dpOzayy9nCVqFUzeI=",
        "owner": "tobi",
        "repo": "qmd",
        "rev": "e428df76bc0274d9e93eb7ca3e95673315c42e90",
        "type": "github"
      },
      "original": {
        "owner": "tobi",
        "repo": "qmd",
        "type": "github"
      }
    },
    "quintLlmKit": {
      "flake": false,
      "locked": {
        "lastModified": 1782909526,
        "narHash": "sha256-foxnLAWxLKItABamN83sN1lX7BiPKGCbD6F6hSJCypc=",
        "owner": "quint-co",
        "repo": "quint-llm-kit",
        "rev": "cc75369f741af7d490936f82002c2d28e3b3d78d",
        "type": "github"
      },
      "original": {
        "owner": "quint-co",
        "repo": "quint-llm-kit",
        "type": "github"
      }
    },
    "root": {
      "inputs": {
        "agents": "agents",
        "flake-parts": "flake-parts_2",
        "herdr-browser": "herdr-browser",
        "herdr-plannotator": "herdr-plannotator",
        "home-manager": "home-manager",
        "jj-starship": "jj-starship",
        "karabinix": "karabinix",
        "llm-agents": "llm-agents_2",
        "nix-darwin": "nix-darwin",
        "nix-task": "nix-task",
        "nixpkgs": "nixpkgs_4",
        "nvim": "nvim",
        "paneru": "paneru",
        "sops-nix": "sops-nix"
      }
    },
    "sops-nix": {
      "inputs": {
        "nixpkgs": [
          "nixpkgs"
        ]
      },
      "locked": {
        "lastModified": 1783174389,
        "narHash": "sha256-aCWC8ngycU7OdJrU2+Je3qf+1a2ykuBvpPhZT/9tXMc=",
        "owner": "Mic92",
        "repo": "sops-nix",
        "rev": "f1406619a3884cd5c47992a70b8b35c9c0fcb4c9",
        "type": "github"
      },
      "original": {
        "owner": "Mic92",
        "repo": "sops-nix",
        "type": "github"
      }
    },
    "systems": {
      "locked": {
        "lastModified": 1681028828,
        "narHash": "sha256-Vy1rq5AaRuLzOxct8nz4T6wlgyUR7zLU309k9mBC768=",
        "owner": "nix-systems",
        "repo": "default",
        "rev": "da67096a3b9bf56a91d16901293e51ba5b49a27e",
        "type": "github"
      },
      "original": {
        "owner": "nix-systems",
        "repo": "default",
        "type": "github"
      }
    },
    "systems_2": {
      "locked": {
        "lastModified": 1681028828,
        "narHash": "sha256-Vy1rq5AaRuLzOxct8nz4T6wlgyUR7zLU309k9mBC768=",
        "owner": "nix-systems",
        "repo": "default",
        "rev": "da67096a3b9bf56a91d16901293e51ba5b49a27e",
        "type": "github"
      },
      "original": {
        "owner": "nix-systems",
        "repo": "default",
        "type": "github"
      }
    },
    "systems_3": {
      "locked": {
        "lastModified": 1681028828,
        "narHash": "sha256-Vy1rq5AaRuLzOxct8nz4T6wlgyUR7zLU309k9mBC768=",
        "owner": "nix-systems",
        "repo": "default",
        "rev": "da67096a3b9bf56a91d16901293e51ba5b49a27e",
        "type": "github"
      },
      "original": {
        "owner": "nix-systems",
        "repo": "default",
        "type": "github"
      }
    },
    "systems_4": {
      "locked": {
        "lastModified": 1681028828,
        "narHash": "sha256-Vy1rq5AaRuLzOxct8nz4T6wlgyUR7zLU309k9mBC768=",
        "owner": "nix-systems",
        "repo": "default",
        "rev": "da67096a3b9bf56a91d16901293e51ba5b49a27e",
        "type": "github"
      },
      "original": {
        "owner": "nix-systems",
        "repo": "default",
        "type": "github"
      }
    },
    "systems_5": {
      "locked": {
        "lastModified": 1774449309,
        "narHash": "sha256-brhZ8DmuGtzkCYHJg4HEd602amKm89Y9ytsFZ5uWD1w=",
        "owner": "nix-systems",
        "repo": "default",
        "rev": "c29398b59d2048c4ab79345812849c9bd15e9150",
        "type": "github"
      },
      "original": {
        "owner": "nix-systems",
        "ref": "future-26.11",
        "repo": "default",
        "type": "github"
      }
    },
    "tabterm": {
      "inputs": {
        "flake-parts": "flake-parts_5",
        "nixpkgs": [
          "nvim",
          "nixpkgs"
        ],
        "nixvim": [
          "nvim",
          "nixvim"
        ]
      },
      "locked": {
        "lastModified": 1783113724,
        "narHash": "sha256-8pY6aNWiQbOBOxxMaZRuMtp+xqs9CXNOIyH1kQfXKbI=",
        "owner": "kremovtort",
        "repo": "tabterm.nvim",
        "rev": "a734d22b7c681d0431f14c193fcd2e9a40c60ffd",
        "type": "github"
      },
      "original": {
        "owner": "kremovtort",
        "ref": "testing",
        "repo": "tabterm.nvim",
        "type": "github"
      }
    },
    "tree-sitter-likec4": {
      "flake": false,
      "locked": {
        "lastModified": 1784317256,
        "narHash": "sha256-3YPUxxi+Me5uE3hixTrQmTEPA6Xf8yotTEbDTUmswhw=",
        "owner": "kremovtort",
        "repo": "tree-sitter-likec4",
        "rev": "2f9b3a1f9cce6de990b9144c881583a013102fc9",
        "type": "github"
      },
      "original": {
        "owner": "kremovtort",
        "repo": "tree-sitter-likec4",
        "type": "github"
      }
    },
    "tree-sitter-quint": {
      "flake": false,
      "locked": {
        "lastModified": 1744198699,
        "narHash": "sha256-WVSRFaj+X/S4DgyA6nWmRO+99iWG9Tr5hVrj53VB8E4=",
        "owner": "gruhn",
        "repo": "tree-sitter-quint",
        "rev": "e413b1b57849a0097478548b25fcae2f3d0171d1",
        "type": "github"
      },
      "original": {
        "owner": "gruhn",
        "repo": "tree-sitter-quint",
        "rev": "e413b1b57849a0097478548b25fcae2f3d0171d1",
        "type": "github"
      }
    },
    "tree-sitter-sysml": {
      "flake": false,
      "locked": {
        "lastModified": 1773189645,
        "narHash": "sha256-HoocmrFwYyYCuH+1b4X2uYMz1+D7q1jMZlExebwWT/A=",
        "owner": "nomograph-ai",
        "repo": "tree-sitter-sysml",
        "rev": "07a94a38c3090a0f730dc2b3ecdcd025d63226be",
        "type": "github"
      },
      "original": {
        "owner": "nomograph-ai",
        "ref": "v0.1.0",
        "repo": "tree-sitter-sysml",
        "type": "github"
      }
    },
    "treefmt-nix": {
      "inputs": {
        "nixpkgs": [
          "agents",
          "llm-agents",
          "nixpkgs"
        ]
      },
      "locked": {
        "lastModified": 1784369104,
        "narHash": "sha256-47cxbcZODibHv3rELFQ9vZly0vUNkND/atn/U7HLeb0=",
        "owner": "numtide",
        "repo": "treefmt-nix",
        "rev": "df3c0640565d04a0261253cdd89fce78ec50168a",
        "type": "github"
      },
      "original": {
        "owner": "numtide",
        "repo": "treefmt-nix",
        "type": "github"
      }
    },
    "treefmt-nix_2": {
      "inputs": {
        "nixpkgs": [
          "llm-agents",
          "nixpkgs"
        ]
      },
      "locked": {
        "lastModified": 1784369104,
        "narHash": "sha256-47cxbcZODibHv3rELFQ9vZly0vUNkND/atn/U7HLeb0=",
        "owner": "numtide",
        "repo": "treefmt-nix",
        "rev": "df3c0640565d04a0261253cdd89fce78ec50168a",
        "type": "github"
      },
      "original": {
        "owner": "numtide",
        "repo": "treefmt-nix",
        "type": "github"
      }
    }
  },
  "root": "root",
  "version": 7
}
