{
  "nodes": {
    "flake-parts": {
      "inputs": {
        "nixpkgs-lib": [
          "nixvim",
          "nixpkgs"
        ]
      },
      "locked": {
        "lastModified": 1778716662,
        "narHash": "sha256-m1Yf0wZ8j1OHjTc2UwHwyQRSnNeSgLJOd7q5Y45hzi4=",
        "owner": "hercules-ci",
        "repo": "flake-parts",
        "rev": "f7c1a2d347e4c52d5fb8d10cb4d94b5884e546fb",
        "type": "github"
      },
      "original": {
        "owner": "hercules-ci",
        "repo": "flake-parts",
        "type": "github"
      }
    },
    "flake-parts_2": {
      "inputs": {
        "nixpkgs-lib": "nixpkgs-lib"
      },
      "locked": {
        "lastModified": 1778716662,
        "narHash": "sha256-m1Yf0wZ8j1OHjTc2UwHwyQRSnNeSgLJOd7q5Y45hzi4=",
        "owner": "hercules-ci",
        "repo": "flake-parts",
        "rev": "f7c1a2d347e4c52d5fb8d10cb4d94b5884e546fb",
        "type": "github"
      },
      "original": {
        "owner": "hercules-ci",
        "repo": "flake-parts",
        "type": "github"
      }
    },
    "nixpkgs": {
      "locked": {
        "lastModified": 1782821651,
        "narHash": "sha256-D5jO0ME1lA9bDHnd5kVawBwItG/N4oZr3FlXmMzLec8=",
        "owner": "NixOS",
        "repo": "nixpkgs",
        "rev": "e52c192be9d7b2c4bd4aed326c8731b35f8bb75c",
        "type": "github"
      },
      "original": {
        "owner": "NixOS",
        "ref": "nixpkgs-unstable",
        "repo": "nixpkgs",
        "type": "github"
      }
    },
    "nixpkgs-lib": {
      "locked": {
        "lastModified": 1777168982,
        "narHash": "sha256-GOkGPcboWE9BmGCRMLX3worL4EMnsnG8MyKmXNeYuhQ=",
        "owner": "nix-community",
        "repo": "nixpkgs.lib",
        "rev": "f5901329dade4a6ea039af1433fb087bd9c1fe14",
        "type": "github"
      },
      "original": {
        "owner": "nix-community",
        "repo": "nixpkgs.lib",
        "type": "github"
      }
    },
    "nixvim": {
      "inputs": {
        "flake-parts": "flake-parts",
        "nixpkgs": [
          "nixpkgs"
        ],
        "systems": "systems"
      },
      "locked": {
        "lastModified": 1782919563,
        "narHash": "sha256-vVYo8fbgTgXBU47dLmnUcfetOI/MLui+wXU44x3ZeqM=",
        "owner": "nix-community",
        "repo": "nixvim",
        "rev": "702008d2b3dd1d032a953e3bdd2532531aac0639",
        "type": "github"
      },
      "original": {
        "owner": "nix-community",
        "repo": "nixvim",
        "type": "github"
      }
    },
    "plugins-async-nvim": {
      "flake": false,
      "locked": {
        "lastModified": 1781195268,
        "narHash": "sha256-b7jE3tY+6nlbIFTuOxKz4w6jDw7hlyvgBYy0Jg6McAc=",
        "owner": "lewis6991",
        "repo": "async.nvim",
        "rev": "e2a813be9cd143ab1181de6d8a0720e0230cd86e",
        "type": "github"
      },
      "original": {
        "owner": "lewis6991",
        "repo": "async.nvim",
        "type": "github"
      }
    },
    "plugins-cursortab-nvim": {
      "flake": false,
      "locked": {
        "lastModified": 1782821601,
        "narHash": "sha256-i5IFJ4xALo3iJ45ISDRGpLsf40Eu4rCyGQo3GTAPa1U=",
        "owner": "cursortab",
        "repo": "cursortab.nvim",
        "rev": "1c9edd475f2f705233a41e18ba9aa4d62a714dc2",
        "type": "github"
      },
      "original": {
        "owner": "cursortab",
        "repo": "cursortab.nvim",
        "type": "github"
      }
    },
    "plugins-direnv-nvim": {
      "flake": false,
      "locked": {
        "lastModified": 1782680771,
        "narHash": "sha256-b5PpmkYWaDGLNcu+36tRR5ycATHYBjs9WrV8/jfmooQ=",
        "owner": "NotAShelf",
        "repo": "direnv.nvim",
        "rev": "9258f9f10c4c729d8296fce0e3ecb12543daad06",
        "type": "github"
      },
      "original": {
        "owner": "NotAShelf",
        "repo": "direnv.nvim",
        "type": "github"
      }
    },
    "plugins-likec4-nvim": {
      "flake": false,
      "locked": {
        "lastModified": 1775578336,
        "narHash": "sha256-4hUTUj9txEkomTZxrgPaja2wo5KMSRowJI2mvhv/Vd4=",
        "owner": "likec4",
        "repo": "likec4.nvim",
        "rev": "cf307c70ce76e6c0bb638121733d87a246bceefd",
        "type": "github"
      },
      "original": {
        "owner": "likec4",
        "repo": "likec4.nvim",
        "type": "github"
      }
    },
    "plugins-opencode-nvim": {
      "flake": false,
      "locked": {
        "lastModified": 1782839399,
        "narHash": "sha256-oXdCQlWQtpWC3nRxoZMkFySGVvo4+eRH9pWhgNaIh3U=",
        "owner": "nickjvandyke",
        "repo": "opencode.nvim",
        "rev": "615634114c93335a4e7f76d943b4ba787ab364dd",
        "type": "github"
      },
      "original": {
        "owner": "nickjvandyke",
        "repo": "opencode.nvim",
        "type": "github"
      }
    },
    "plugins-seeker-nvim": {
      "flake": false,
      "locked": {
        "lastModified": 1770739625,
        "narHash": "sha256-sITiKTeP7G2GRiYTSqJCgSEe2/lk1nyz1xl25zE2Knk=",
        "owner": "2KAbhishek",
        "repo": "seeker.nvim",
        "rev": "c0ec94116bb6c603ad5780bc433cb09b8ae84041",
        "type": "github"
      },
      "original": {
        "owner": "2KAbhishek",
        "repo": "seeker.nvim",
        "type": "github"
      }
    },
    "plugins-sidekick-nvim": {
      "flake": false,
      "locked": {
        "lastModified": 1782397522,
        "narHash": "sha256-sbf5Hq5QduEWlXxE5wpwK/YhwTZp0thMMZI0EMkgUCw=",
        "owner": "rmarganti",
        "repo": "sidekick.nvim",
        "rev": "abec9a0d745bcc7d62f4031a0beb2f5d5d0dd434",
        "type": "github"
      },
      "original": {
        "owner": "rmarganti",
        "ref": "herdr",
        "repo": "sidekick.nvim",
        "type": "github"
      }
    },
    "plugins-vclib-nvim": {
      "flake": false,
      "locked": {
        "lastModified": 1780873139,
        "narHash": "sha256-xoC57XquGre+ufgFEkzwVgoLS5yPXEnY24LpX3QTcTI=",
        "owner": "algmyr",
        "repo": "vclib.nvim",
        "rev": "1ae228c062135691419c6c83c1fd6dc12db1b77f",
        "type": "github"
      },
      "original": {
        "owner": "algmyr",
        "repo": "vclib.nvim",
        "type": "github"
      }
    },
    "plugins-vcsigns-nvim": {
      "flake": false,
      "locked": {
        "lastModified": 1782225662,
        "narHash": "sha256-kMEZZameSfXO2Q7aRUlB8nNKJF48v/cJJAT8/nl1heA=",
        "owner": "algmyr",
        "repo": "vcsigns.nvim",
        "rev": "04ce284df78b74bc6ac65d1d314abe0e90c1d521",
        "type": "github"
      },
      "original": {
        "owner": "algmyr",
        "repo": "vcsigns.nvim",
        "type": "github"
      }
    },
    "plugins-vim-herdr-navigation": {
      "flake": false,
      "locked": {
        "lastModified": 1782649130,
        "narHash": "sha256-vUUt46jiK6ZsPH8D13/+IIlqT3KbFliPJkNplsVqiQo=",
        "owner": "paulbkim-dev",
        "repo": "vim-herdr-navigation",
        "rev": "53e318c772c4d3b7fbd904ac43bcf3e5b5d8b244",
        "type": "github"
      },
      "original": {
        "owner": "paulbkim-dev",
        "repo": "vim-herdr-navigation",
        "type": "github"
      }
    },
    "plugins-vim-maximizer": {
      "flake": false,
      "locked": {
        "lastModified": 1440196645,
        "narHash": "sha256-+VPcMn4NuxLRpY1nXz7APaXlRQVZD3Y7SprB/hvNKww=",
        "owner": "szw",
        "repo": "vim-maximizer",
        "rev": "2e54952fe91e140a2e69f35f22131219fcd9c5f1",
        "type": "github"
      },
      "original": {
        "owner": "szw",
        "repo": "vim-maximizer",
        "type": "github"
      }
    },
    "plugins-virtual-types-nvim": {
      "flake": false,
      "locked": {
        "lastModified": 1680873610,
        "narHash": "sha256-WznB8eiwG7dIKg4LeblUQwb6E8yxAFLnV1wMwWq5/JI=",
        "owner": "jubnzv",
        "repo": "virtual-types.nvim",
        "rev": "d652ec0b1781bbb0e83dc588fb62d638006cf61e",
        "type": "github"
      },
      "original": {
        "owner": "jubnzv",
        "repo": "virtual-types.nvim",
        "type": "github"
      }
    },
    "root": {
      "inputs": {
        "nixpkgs": "nixpkgs",
        "nixvim": "nixvim",
        "plugins-async-nvim": "plugins-async-nvim",
        "plugins-cursortab-nvim": "plugins-cursortab-nvim",
        "plugins-direnv-nvim": "plugins-direnv-nvim",
        "plugins-likec4-nvim": "plugins-likec4-nvim",
        "plugins-opencode-nvim": "plugins-opencode-nvim",
        "plugins-seeker-nvim": "plugins-seeker-nvim",
        "plugins-sidekick-nvim": "plugins-sidekick-nvim",
        "plugins-vclib-nvim": "plugins-vclib-nvim",
        "plugins-vcsigns-nvim": "plugins-vcsigns-nvim",
        "plugins-vim-herdr-navigation": "plugins-vim-herdr-navigation",
        "plugins-vim-maximizer": "plugins-vim-maximizer",
        "plugins-virtual-types-nvim": "plugins-virtual-types-nvim",
        "tabterm": "tabterm"
      }
    },
    "systems": {
      "locked": {
        "lastModified": 1774449309,
        "narHash": "sha256-brhZ8DmuGtzkCYHJg4HEd602amKm89Y9ytsFZ5uWD1w=",
        "owner": "nix-systems",
        "repo": "default",
        "rev": "c29398b59d2048c4ab79345812849c9bd15e9150",
        "type": "github"
      },
      "original": {
        "owner": "nix-systems",
        "ref": "future-26.11",
        "repo": "default",
        "type": "github"
      }
    },
    "tabterm": {
      "inputs": {
        "flake-parts": "flake-parts_2",
        "nixpkgs": [
          "nixpkgs"
        ],
        "nixvim": [
          "nixvim"
        ]
      },
      "locked": {
        "lastModified": 1783113343,
        "narHash": "sha256-B8WJRUKewFfq/vTYVHL8KBVYVorjUz8MInmK7XLzp/I=",
        "owner": "kremovtort",
        "repo": "tabterm.nvim",
        "rev": "3a196bcebdb11cca3d7a7ebe340fb1731bf17b18",
        "type": "github"
      },
      "original": {
        "owner": "kremovtort",
        "ref": "testing",
        "repo": "tabterm.nvim",
        "type": "github"
      }
    }
  },
  "root": "root",
  "version": 7
}
