{
  "nodes": {
    "flake-parts": {
      "inputs": {
        "nixpkgs-lib": [
          "nixvim",
          "nixpkgs"
        ]
      },
      "locked": {
        "lastModified": 1782949081,
        "narHash": "sha256-vp6Y/Grm98ESt6ceOkWiHWyZRDV3J1RID4w+6NWK9yA=",
        "owner": "hercules-ci",
        "repo": "flake-parts",
        "rev": "17c9d6cdfc60c64f4ee8d306f9bc0b4ccb51481e",
        "type": "github"
      },
      "original": {
        "owner": "hercules-ci",
        "repo": "flake-parts",
        "type": "github"
      }
    },
    "flake-parts_2": {
      "inputs": {
        "nixpkgs-lib": "nixpkgs-lib"
      },
      "locked": {
        "lastModified": 1778716662,
        "narHash": "sha256-m1Yf0wZ8j1OHjTc2UwHwyQRSnNeSgLJOd7q5Y45hzi4=",
        "owner": "hercules-ci",
        "repo": "flake-parts",
        "rev": "f7c1a2d347e4c52d5fb8d10cb4d94b5884e546fb",
        "type": "github"
      },
      "original": {
        "owner": "hercules-ci",
        "repo": "flake-parts",
        "type": "github"
      }
    },
    "nixpkgs": {
      "locked": {
        "lastModified": 1785141334,
        "narHash": "sha256-kh35kIx7el4Jk8Ki3BH9/Pn1eZYSYLJ6LMALos0zOy0=",
        "owner": "NixOS",
        "repo": "nixpkgs",
        "rev": "38a4887411571457d700c51c64a6e49ead2ed5ab",
        "type": "github"
      },
      "original": {
        "owner": "NixOS",
        "ref": "nixpkgs-unstable",
        "repo": "nixpkgs",
        "type": "github"
      }
    },
    "nixpkgs-lib": {
      "locked": {
        "lastModified": 1777168982,
        "narHash": "sha256-GOkGPcboWE9BmGCRMLX3worL4EMnsnG8MyKmXNeYuhQ=",
        "owner": "nix-community",
        "repo": "nixpkgs.lib",
        "rev": "f5901329dade4a6ea039af1433fb087bd9c1fe14",
        "type": "github"
      },
      "original": {
        "owner": "nix-community",
        "repo": "nixpkgs.lib",
        "type": "github"
      }
    },
    "nixvim": {
      "inputs": {
        "flake-parts": "flake-parts",
        "nixpkgs": [
          "nixpkgs"
        ],
        "systems": "systems"
      },
      "locked": {
        "lastModified": 1785001306,
        "narHash": "sha256-xWqmquUtqKXLeDZ1oQUO+rV4sjA9TShIJhLL8M5Bozo=",
        "owner": "nix-community",
        "repo": "nixvim",
        "rev": "48409beb41e8e28b64e8160ca82d8a93fb628963",
        "type": "github"
      },
      "original": {
        "owner": "nix-community",
        "repo": "nixvim",
        "type": "github"
      }
    },
    "plugins-async-nvim": {
      "flake": false,
      "locked": {
        "lastModified": 1783355388,
        "narHash": "sha256-7VuTWfdh3d3/q2KUyi5d+7GbaEq8NgbQgBt+Wt+/n5U=",
        "owner": "lewis6991",
        "repo": "async.nvim",
        "rev": "46adf61a022d5c923f981d527443f406e7d0f63e",
        "type": "github"
      },
      "original": {
        "owner": "lewis6991",
        "repo": "async.nvim",
        "type": "github"
      }
    },
    "plugins-cursortab-nvim": {
      "flake": false,
      "locked": {
        "lastModified": 1783833508,
        "narHash": "sha256-rFawTBaAtZKTcuvq5OuMxlqkzBuZ6dTmn91SffZ1Dno=",
        "owner": "cursortab",
        "repo": "cursortab.nvim",
        "rev": "8b50d427d76fd995a08ee7eb9eed9f8b72626693",
        "type": "github"
      },
      "original": {
        "owner": "cursortab",
        "repo": "cursortab.nvim",
        "type": "github"
      }
    },
    "plugins-direnv-nvim": {
      "flake": false,
      "locked": {
        "lastModified": 1782680771,
        "narHash": "sha256-b5PpmkYWaDGLNcu+36tRR5ycATHYBjs9WrV8/jfmooQ=",
        "owner": "NotAShelf",
        "repo": "direnv.nvim",
        "rev": "9258f9f10c4c729d8296fce0e3ecb12543daad06",
        "type": "github"
      },
      "original": {
        "owner": "NotAShelf",
        "repo": "direnv.nvim",
        "type": "github"
      }
    },
    "plugins-likec4-nvim": {
      "flake": false,
      "locked": {
        "lastModified": 1784424708,
        "narHash": "sha256-4hUTUj9txEkomTZxrgPaja2wo5KMSRowJI2mvhv/Vd4=",
        "owner": "likec4",
        "repo": "likec4.nvim",
        "rev": "817e08f15dec1fdaaedaad993338c360fb2526ad",
        "type": "github"
      },
      "original": {
        "owner": "likec4",
        "repo": "likec4.nvim",
        "type": "github"
      }
    },
    "plugins-opencode-nvim": {
      "flake": false,
      "locked": {
        "lastModified": 1785161970,
        "narHash": "sha256-wpnXEsT2Dtpl3vRi1hfwqaLQEWUMu7vGT3Q6UZYJkjE=",
        "owner": "nickjvandyke",
        "repo": "opencode.nvim",
        "rev": "7749a034db61258ece828df70a89ff31bb27ff47",
        "type": "github"
      },
      "original": {
        "owner": "nickjvandyke",
        "repo": "opencode.nvim",
        "type": "github"
      }
    },
    "plugins-seeker-nvim": {
      "flake": false,
      "locked": {
        "lastModified": 1770739625,
        "narHash": "sha256-sITiKTeP7G2GRiYTSqJCgSEe2/lk1nyz1xl25zE2Knk=",
        "owner": "2KAbhishek",
        "repo": "seeker.nvim",
        "rev": "c0ec94116bb6c603ad5780bc433cb09b8ae84041",
        "type": "github"
      },
      "original": {
        "owner": "2KAbhishek",
        "repo": "seeker.nvim",
        "type": "github"
      }
    },
    "plugins-sidekick-nvim": {
      "flake": false,
      "locked": {
        "lastModified": 1782397522,
        "narHash": "sha256-sbf5Hq5QduEWlXxE5wpwK/YhwTZp0thMMZI0EMkgUCw=",
        "owner": "rmarganti",
        "repo": "sidekick.nvim",
        "rev": "abec9a0d745bcc7d62f4031a0beb2f5d5d0dd434",
        "type": "github"
      },
      "original": {
        "owner": "rmarganti",
        "ref": "herdr",
        "repo": "sidekick.nvim",
        "type": "github"
      }
    },
    "plugins-vclib-nvim": {
      "flake": false,
      "locked": {
        "lastModified": 1783300656,
        "narHash": "sha256-yab6Sk39rgOeK08KxAFEgCQHAyHbJDb6k0UFsLGAIgM=",
        "owner": "algmyr",
        "repo": "vclib.nvim",
        "rev": "24c36d22ddd28c8d001d85e1fb69fcd2e38a8858",
        "type": "github"
      },
      "original": {
        "owner": "algmyr",
        "repo": "vclib.nvim",
        "type": "github"
      }
    },
    "plugins-vcsigns-nvim": {
      "flake": false,
      "locked": {
        "lastModified": 1783300712,
        "narHash": "sha256-V1xoXxUvwmWxznxOc0cTH8wVT7d4NWZiVqsUc74eE84=",
        "owner": "algmyr",
        "repo": "vcsigns.nvim",
        "rev": "40fb52b35d5402740b83642ac53dcc3e29552ac2",
        "type": "github"
      },
      "original": {
        "owner": "algmyr",
        "repo": "vcsigns.nvim",
        "type": "github"
      }
    },
    "plugins-vim-herdr-navigation": {
      "flake": false,
      "locked": {
        "lastModified": 1782649130,
        "narHash": "sha256-vUUt46jiK6ZsPH8D13/+IIlqT3KbFliPJkNplsVqiQo=",
        "owner": "paulbkim-dev",
        "repo": "vim-herdr-navigation",
        "rev": "53e318c772c4d3b7fbd904ac43bcf3e5b5d8b244",
        "type": "github"
      },
      "original": {
        "owner": "paulbkim-dev",
        "repo": "vim-herdr-navigation",
        "type": "github"
      }
    },
    "plugins-vim-maximizer": {
      "flake": false,
      "locked": {
        "lastModified": 1440196645,
        "narHash": "sha256-+VPcMn4NuxLRpY1nXz7APaXlRQVZD3Y7SprB/hvNKww=",
        "owner": "szw",
        "repo": "vim-maximizer",
        "rev": "2e54952fe91e140a2e69f35f22131219fcd9c5f1",
        "type": "github"
      },
      "original": {
        "owner": "szw",
        "repo": "vim-maximizer",
        "type": "github"
      }
    },
    "plugins-virtual-types-nvim": {
      "flake": false,
      "locked": {
        "lastModified": 1680873610,
        "narHash": "sha256-WznB8eiwG7dIKg4LeblUQwb6E8yxAFLnV1wMwWq5/JI=",
        "owner": "jubnzv",
        "repo": "virtual-types.nvim",
        "rev": "d652ec0b1781bbb0e83dc588fb62d638006cf61e",
        "type": "github"
      },
      "original": {
        "owner": "jubnzv",
        "repo": "virtual-types.nvim",
        "type": "github"
      }
    },
    "root": {
      "inputs": {
        "nixpkgs": "nixpkgs",
        "nixvim": "nixvim",
        "plugins-async-nvim": "plugins-async-nvim",
        "plugins-cursortab-nvim": "plugins-cursortab-nvim",
        "plugins-direnv-nvim": "plugins-direnv-nvim",
        "plugins-likec4-nvim": "plugins-likec4-nvim",
        "plugins-opencode-nvim": "plugins-opencode-nvim",
        "plugins-seeker-nvim": "plugins-seeker-nvim",
        "plugins-sidekick-nvim": "plugins-sidekick-nvim",
        "plugins-vclib-nvim": "plugins-vclib-nvim",
        "plugins-vcsigns-nvim": "plugins-vcsigns-nvim",
        "plugins-vim-herdr-navigation": "plugins-vim-herdr-navigation",
        "plugins-vim-maximizer": "plugins-vim-maximizer",
        "plugins-virtual-types-nvim": "plugins-virtual-types-nvim",
        "tabterm": "tabterm",
        "tree-sitter-likec4": "tree-sitter-likec4",
        "tree-sitter-quint": "tree-sitter-quint",
        "tree-sitter-sysml": "tree-sitter-sysml"
      }
    },
    "systems": {
      "locked": {
        "lastModified": 1774449309,
        "narHash": "sha256-brhZ8DmuGtzkCYHJg4HEd602amKm89Y9ytsFZ5uWD1w=",
        "owner": "nix-systems",
        "repo": "default",
        "rev": "c29398b59d2048c4ab79345812849c9bd15e9150",
        "type": "github"
      },
      "original": {
        "owner": "nix-systems",
        "ref": "future-26.11",
        "repo": "default",
        "type": "github"
      }
    },
    "tabterm": {
      "inputs": {
        "flake-parts": "flake-parts_2",
        "nixpkgs": [
          "nixpkgs"
        ],
        "nixvim": [
          "nixvim"
        ]
      },
      "locked": {
        "lastModified": 1783113724,
        "narHash": "sha256-8pY6aNWiQbOBOxxMaZRuMtp+xqs9CXNOIyH1kQfXKbI=",
        "owner": "kremovtort",
        "repo": "tabterm.nvim",
        "rev": "a734d22b7c681d0431f14c193fcd2e9a40c60ffd",
        "type": "github"
      },
      "original": {
        "owner": "kremovtort",
        "ref": "testing",
        "repo": "tabterm.nvim",
        "type": "github"
      }
    },
    "tree-sitter-likec4": {
      "flake": false,
      "locked": {
        "lastModified": 1784317256,
        "narHash": "sha256-3YPUxxi+Me5uE3hixTrQmTEPA6Xf8yotTEbDTUmswhw=",
        "owner": "kremovtort",
        "repo": "tree-sitter-likec4",
        "rev": "2f9b3a1f9cce6de990b9144c881583a013102fc9",
        "type": "github"
      },
      "original": {
        "owner": "kremovtort",
        "repo": "tree-sitter-likec4",
        "type": "github"
      }
    },
    "tree-sitter-quint": {
      "flake": false,
      "locked": {
        "lastModified": 1744198699,
        "narHash": "sha256-WVSRFaj+X/S4DgyA6nWmRO+99iWG9Tr5hVrj53VB8E4=",
        "owner": "gruhn",
        "repo": "tree-sitter-quint",
        "rev": "e413b1b57849a0097478548b25fcae2f3d0171d1",
        "type": "github"
      },
      "original": {
        "owner": "gruhn",
        "repo": "tree-sitter-quint",
        "rev": "e413b1b57849a0097478548b25fcae2f3d0171d1",
        "type": "github"
      }
    },
    "tree-sitter-sysml": {
      "flake": false,
      "locked": {
        "lastModified": 1773189645,
        "narHash": "sha256-HoocmrFwYyYCuH+1b4X2uYMz1+D7q1jMZlExebwWT/A=",
        "owner": "nomograph-ai",
        "repo": "tree-sitter-sysml",
        "rev": "07a94a38c3090a0f730dc2b3ecdcd025d63226be",
        "type": "github"
      },
      "original": {
        "owner": "nomograph-ai",
        "ref": "v0.1.0",
        "repo": "tree-sitter-sysml",
        "type": "github"
      }
    }
  },
  "root": "root",
  "version": 7
}
