{
  "nodes": {
    "astGrepSkill": {
      "flake": false,
      "locked": {
        "lastModified": 1783087819,
        "narHash": "sha256-awochSE2OupbsmaGx0xc7wHf0ovVMSdtHv4gZAGWOus=",
        "owner": "ast-grep",
        "repo": "agent-skill",
        "rev": "c2a9bc154f4ffe08b25d28d5e852dfac8c0d0d8a",
        "type": "github"
      },
      "original": {
        "owner": "ast-grep",
        "repo": "agent-skill",
        "type": "github"
      }
    },
    "blueprint": {
      "inputs": {
        "nixpkgs": [
          "llm-agents",
          "nixpkgs"
        ],
        "systems": [
          "llm-agents",
          "systems"
        ]
      },
      "locked": {
        "lastModified": 1776249299,
        "narHash": "sha256-Dt9t1TGRmJFc0xVYhttNBD6QsAgHOHCArqGa0AyjrJY=",
        "owner": "numtide",
        "repo": "blueprint",
        "rev": "56131e8628f173d24a27f6d27c0215eff57e40dd",
        "type": "github"
      },
      "original": {
        "owner": "numtide",
        "repo": "blueprint",
        "type": "github"
      }
    },
    "bun2nix": {
      "inputs": {
        "flake-parts": [
          "llm-agents",
          "flake-parts"
        ],
        "nixpkgs": [
          "llm-agents",
          "nixpkgs"
        ],
        "systems": [
          "llm-agents",
          "systems"
        ],
        "treefmt-nix": [
          "llm-agents",
          "treefmt-nix"
        ]
      },
      "locked": {
        "lastModified": 1782772816,
        "narHash": "sha256-s9BuFv0mRuZx9C1MF8qPHRdcAK14ONi0A5m6E2wqOoM=",
        "owner": "nix-community",
        "repo": "bun2nix",
        "rev": "5a39d717029e94163ac223aee8d5c9946cafed1c",
        "type": "github"
      },
      "original": {
        "owner": "nix-community",
        "repo": "bun2nix",
        "type": "github"
      }
    },
    "crit": {
      "inputs": {
        "nixpkgs": [
          "nixpkgs"
        ]
      },
      "locked": {
        "lastModified": 1783276569,
        "narHash": "sha256-mrw3R+oWyloS3xpHnQ3XV3uo+a3qQrKUj9e/Sbzj7Jc=",
        "owner": "tomasz-tomczyk",
        "repo": "crit",
        "rev": "c2de339fd7da92ab85aa707945677f0ee7b43724",
        "type": "github"
      },
      "original": {
        "owner": "tomasz-tomczyk",
        "repo": "crit",
        "type": "github"
      }
    },
    "flake-parts": {
      "inputs": {
        "nixpkgs-lib": [
          "llm-agents",
          "nixpkgs"
        ]
      },
      "locked": {
        "lastModified": 1782949081,
        "narHash": "sha256-vp6Y/Grm98ESt6ceOkWiHWyZRDV3J1RID4w+6NWK9yA=",
        "owner": "hercules-ci",
        "repo": "flake-parts",
        "rev": "17c9d6cdfc60c64f4ee8d306f9bc0b4ccb51481e",
        "type": "github"
      },
      "original": {
        "owner": "hercules-ci",
        "repo": "flake-parts",
        "type": "github"
      }
    },
    "llm-agents": {
      "inputs": {
        "blueprint": "blueprint",
        "bun2nix": "bun2nix",
        "flake-parts": "flake-parts",
        "nixpkgs": [
          "nixpkgs"
        ],
        "systems": "systems",
        "treefmt-nix": "treefmt-nix"
      },
      "locked": {
        "lastModified": 1783243767,
        "narHash": "sha256-iiQL/IHgQlmnZgKgs4wBOiDA9+S3tRFsQPRxtYIhUYo=",
        "owner": "numtide",
        "repo": "llm-agents.nix",
        "rev": "22f1080fb54a217bdda6cfd6eca5dbf9e7afddac",
        "type": "github"
      },
      "original": {
        "owner": "numtide",
        "repo": "llm-agents.nix",
        "type": "github"
      }
    },
    "nixpkgs": {
      "locked": {
        "lastModified": 1783247743,
        "narHash": "sha256-9b2xGt5CAd6WriPJOZs/EYXq9fGVCeoisYo1P3nhL2Y=",
        "owner": "NixOS",
        "repo": "nixpkgs",
        "rev": "c4013e501c048ae7c4a8940c92837636042bf6c3",
        "type": "github"
      },
      "original": {
        "owner": "NixOS",
        "ref": "nixpkgs-unstable",
        "repo": "nixpkgs",
        "type": "github"
      }
    },
    "openaiSkills": {
      "flake": false,
      "locked": {
        "lastModified": 1782268572,
        "narHash": "sha256-t4oGnFg0YpxJaQiFpgTiwYhaFoZK6wPDiqvHoG0bXiU=",
        "owner": "openai",
        "repo": "skills",
        "rev": "49f948faa9258a0c61caceaf225e179651397431",
        "type": "github"
      },
      "original": {
        "owner": "openai",
        "repo": "skills",
        "type": "github"
      }
    },
    "openspecSchemas": {
      "flake": false,
      "locked": {
        "lastModified": 1782463373,
        "narHash": "sha256-jD9YFcJYH4vtxca5ltmkwijzz9dslvpE3wt0rQ4Nifo=",
        "owner": "intent-driven-dev",
        "repo": "openspec-schemas",
        "rev": "87ec4decf3151b0d7d10b7bf0f6ad9c7e74eccc0",
        "type": "github"
      },
      "original": {
        "owner": "intent-driven-dev",
        "repo": "openspec-schemas",
        "type": "github"
      }
    },
    "qmd": {
      "flake": false,
      "locked": {
        "lastModified": 1782276828,
        "narHash": "sha256-LLkrANLLR+2QgOpSdrjbwvzgP7dpOzayy9nCVqFUzeI=",
        "owner": "tobi",
        "repo": "qmd",
        "rev": "e428df76bc0274d9e93eb7ca3e95673315c42e90",
        "type": "github"
      },
      "original": {
        "owner": "tobi",
        "repo": "qmd",
        "type": "github"
      }
    },
    "root": {
      "inputs": {
        "astGrepSkill": "astGrepSkill",
        "crit": "crit",
        "llm-agents": "llm-agents",
        "nixpkgs": "nixpkgs",
        "openaiSkills": "openaiSkills",
        "openspecSchemas": "openspecSchemas",
        "qmd": "qmd"
      }
    },
    "systems": {
      "locked": {
        "lastModified": 1681028828,
        "narHash": "sha256-Vy1rq5AaRuLzOxct8nz4T6wlgyUR7zLU309k9mBC768=",
        "owner": "nix-systems",
        "repo": "default",
        "rev": "da67096a3b9bf56a91d16901293e51ba5b49a27e",
        "type": "github"
      },
      "original": {
        "owner": "nix-systems",
        "repo": "default",
        "type": "github"
      }
    },
    "treefmt-nix": {
      "inputs": {
        "nixpkgs": [
          "llm-agents",
          "nixpkgs"
        ]
      },
      "locked": {
        "lastModified": 1780220602,
        "narHash": "sha256-eynAfOmbmxJnkp7YewvCEbShNnnYJ9gLLqkzsYtBPeM=",
        "owner": "numtide",
        "repo": "treefmt-nix",
        "rev": "db947814a175b7ca6ded66e21383d938df01c227",
        "type": "github"
      },
      "original": {
        "owner": "numtide",
        "repo": "treefmt-nix",
        "type": "github"
      }
    }
  },
  "root": "root",
  "version": 7
}
